
Microsoft Visual Studio Solution File, Format Version 12.00
# Visual Studio Version 17
VisualStudioVersion = 17.7.34031.279
MinimumVisualStudioVersion = 10.0.40219.1
Project("{2150E333-8FDC-42A3-9474-1A3956D46DE8}") = "Task4", "Task4", "{88B309FB-966D-4A50-A97F-353A631C1AF0}"
EndProject
Project("{FAE04EC0-301F-11D3-BF4B-00C04F79EFBC}") = "Tyuiu.ShishkovIA.Sprint6.Task4.V26", "Tyuiu.ShishkovIA.Sprint6.Task4.V26\Tyuiu.ShishkovIA.Sprint6.Task4.V26.csproj", "{DFE8BE18-54C9-43C4-B66A-E95473DBB18C}"
EndProject
Project("{FAE04EC0-301F-11D3-BF4B-00C04F79EFBC}") = "Tyuiu.ShishkovIA.Sprint6.Task4.V26.Lib", "Tyuiu.ShishkovIA.Sprint6.Task4.V26.Lib\Tyuiu.ShishkovIA.Sprint6.Task4.V26.Lib.csproj", "{7DEB792B-D210-4B92-938D-2DD85B5EC942}"
EndProject
Project("{FAE04EC0-301F-11D3-BF4B-00C04F79EFBC}") = "Tyuiu.ShishkovIA.Sprint6.Task4.V26.Test", "Tyuiu.ShishkovIA.Sprint6.Task4.V26.Test\Tyuiu.ShishkovIA.Sprint6.Task4.V26.Test.csproj", "{5BFF324A-7CD4-4EA6-A9FD-BAE6EABAB86A}"
EndProject
Project("{2150E333-8FDC-42A3-9474-1A3956D46DE8}") = "Task5", "Task5", "{CBCF206C-345F-4796-8133-08AC39CF089A}"
EndProject
Project("{FAE04EC0-301F-11D3-BF4B-00C04F79EFBC}") = "Tyuiu.ShishkovIA.Sprint6.Task5.V23", "Tyuiu.ShishkovIA.Sprint6.Task5.V23\Tyuiu.ShishkovIA.Sprint6.Task5.V23.csproj", "{798B1DAD-046F-4855-B426-68C64CEC1E52}"
EndProject
Project("{FAE04EC0-301F-11D3-BF4B-00C04F79EFBC}") = "Tyuiu.ShishkovIA.Sprint6.Task5.V23.Lib", "Tyuiu.ShishkovIA.Sprint6.Task5.V23.Lib\Tyuiu.ShishkovIA.Sprint6.Task5.V23.Lib.csproj", "{9D76D28A-6E37-416A-8FD0-D4E140AF3AC0}"
EndProject
Project("{FAE04EC0-301F-11D3-BF4B-00C04F79EFBC}") = "Tyuiu.ShishkovIA.Sprint6.Task5.V23.Test", "Tyuiu.ShishkovIA.Sprint6.Task5.V23.Test\Tyuiu.ShishkovIA.Sprint6.Task5.V23.Test.csproj", "{D36791A7-1400-4FFE-A0F6-E4EEF0D1C222}"
EndProject
Project("{2150E333-8FDC-42A3-9474-1A3956D46DE8}") = "Task6", "Task6", "{9EB1618F-B35A-4E9A-B736-7BCB4422D24F}"
EndProject
Project("{FAE04EC0-301F-11D3-BF4B-00C04F79EFBC}") = "Tyuiu.ShishkovIA.Sprint6.Task6.V13", "Tyuiu.ShishkovIA.Sprint6.Task6.V13\Tyuiu.ShishkovIA.Sprint6.Task6.V13.csproj", "{D733E8AD-6E05-4997-8AF1-41E435A72F70}"
EndProject
Project("{FAE04EC0-301F-11D3-BF4B-00C04F79EFBC}") = "Tyuiu.ShishkovIA.Sprint6.Task6.V13.Lib", "Tyuiu.ShishkovIA.Sprint6.Task6.V13.Lib\Tyuiu.ShishkovIA.Sprint6.Task6.V13.Lib.csproj", "{DCC7CCD1-797F-42A1-8176-6708693109B3}"
EndProject
Project("{FAE04EC0-301F-11D3-BF4B-00C04F79EFBC}") = "Tyuiu.ShishkovIA.Sprint6.Task6.V13.Test", "Tyuiu.ShishkovIA.Sprint6.Task6.V13.Test\Tyuiu.ShishkovIA.Sprint6.Task6.V13.Test.csproj", "{FBAA2997-3157-4A80-A570-A8EFF919C466}"
EndProject
Project("{2150E333-8FDC-42A3-9474-1A3956D46DE8}") = "Task7", "Task7", "{628FF586-C331-476C-A28E-50B7C799E6AA}"
EndProject
Project("{FAE04EC0-301F-11D3-BF4B-00C04F79EFBC}") = "Tyuiu.ShishkovIA.Sprint6.Task7.V29", "Tyuiu.ShishkovIA.Sprint6.Task7.V29\Tyuiu.ShishkovIA.Sprint6.Task7.V29.csproj", "{7424DF2E-EC68-4162-BFE6-80BDC9E7545A}"
EndProject
Project("{FAE04EC0-301F-11D3-BF4B-00C04F79EFBC}") = "Tyuiu.ShishkovIA.Sprint6.Task7.V29.Lib", "Tyuiu.ShishkovIA.Sprint6.Task7.V29.Lib\Tyuiu.ShishkovIA.Sprint6.Task7.V29.Lib.csproj", "{BE453A58-1109-4EC5-A386-B6DF76352017}"
EndProject
Project("{FAE04EC0-301F-11D3-BF4B-00C04F79EFBC}") = "Tyuiu.ShishkovIA.Sprint6.Task7.V29.Test", "Tyuiu.ShishkovIA.Sprint6.Task7.V29.Test\Tyuiu.ShishkovIA.Sprint6.Task7.V29.Test.csproj", "{29ECA0BE-69E4-4CAA-906E-865F2569AB73}"
EndProject
Global
	GlobalSection(SolutionConfigurationPlatforms) = preSolution
		Debug|Any CPU = Debug|Any CPU
		Release|Any CPU = Release|Any CPU
	EndGlobalSection
	GlobalSection(ProjectConfigurationPlatforms) = postSolution
		{DFE8BE18-54C9-43C4-B66A-E95473DBB18C}.Debug|Any CPU.ActiveCfg = Debug|Any CPU
		{DFE8BE18-54C9-43C4-B66A-E95473DBB18C}.Debug|Any CPU.Build.0 = Debug|Any CPU
		{DFE8BE18-54C9-43C4-B66A-E95473DBB18C}.Release|Any CPU.ActiveCfg = Release|Any CPU
		{DFE8BE18-54C9-43C4-B66A-E95473DBB18C}.Release|Any CPU.Build.0 = Release|Any CPU
		{7DEB792B-D210-4B92-938D-2DD85B5EC942}.Debug|Any CPU.ActiveCfg = Debug|Any CPU
		{7DEB792B-D210-4B92-938D-2DD85B5EC942}.Debug|Any CPU.Build.0 = Debug|Any CPU
		{7DEB792B-D210-4B92-938D-2DD85B5EC942}.Release|Any CPU.ActiveCfg = Release|Any CPU
		{7DEB792B-D210-4B92-938D-2DD85B5EC942}.Release|Any CPU.Build.0 = Release|Any CPU
		{5BFF324A-7CD4-4EA6-A9FD-BAE6EABAB86A}.Debug|Any CPU.ActiveCfg = Debug|Any CPU
		{5BFF324A-7CD4-4EA6-A9FD-BAE6EABAB86A}.Debug|Any CPU.Build.0 = Debug|Any CPU
		{5BFF324A-7CD4-4EA6-A9FD-BAE6EABAB86A}.Release|Any CPU.ActiveCfg = Release|Any CPU
		{5BFF324A-7CD4-4EA6-A9FD-BAE6EABAB86A}.Release|Any CPU.Build.0 = Release|Any CPU
		{798B1DAD-046F-4855-B426-68C64CEC1E52}.Debug|Any CPU.ActiveCfg = Debug|Any CPU
		{798B1DAD-046F-4855-B426-68C64CEC1E52}.Debug|Any CPU.Build.0 = Debug|Any CPU
		{798B1DAD-046F-4855-B426-68C64CEC1E52}.Release|Any CPU.ActiveCfg = Release|Any CPU
		{798B1DAD-046F-4855-B426-68C64CEC1E52}.Release|Any CPU.Build.0 = Release|Any CPU
		{9D76D28A-6E37-416A-8FD0-D4E140AF3AC0}.Debug|Any CPU.ActiveCfg = Debug|Any CPU
		{9D76D28A-6E37-416A-8FD0-D4E140AF3AC0}.Debug|Any CPU.Build.0 = Debug|Any CPU
		{9D76D28A-6E37-416A-8FD0-D4E140AF3AC0}.Release|Any CPU.ActiveCfg = Release|Any CPU
		{9D76D28A-6E37-416A-8FD0-D4E140AF3AC0}.Release|Any CPU.Build.0 = Release|Any CPU
		{D36791A7-1400-4FFE-A0F6-E4EEF0D1C222}.Debug|Any CPU.ActiveCfg = Debug|Any CPU
		{D36791A7-1400-4FFE-A0F6-E4EEF0D1C222}.Debug|Any CPU.Build.0 = Debug|Any CPU
		{D36791A7-1400-4FFE-A0F6-E4EEF0D1C222}.Release|Any CPU.ActiveCfg = Release|Any CPU
		{D36791A7-1400-4FFE-A0F6-E4EEF0D1C222}.Release|Any CPU.Build.0 = Release|Any CPU
		{D733E8AD-6E05-4997-8AF1-41E435A72F70}.Debug|Any CPU.ActiveCfg = Debug|Any CPU
		{D733E8AD-6E05-4997-8AF1-41E435A72F70}.Debug|Any CPU.Build.0 = Debug|Any CPU
		{D733E8AD-6E05-4997-8AF1-41E435A72F70}.Release|Any CPU.ActiveCfg = Release|Any CPU
		{D733E8AD-6E05-4997-8AF1-41E435A72F70}.Release|Any CPU.Build.0 = Release|Any CPU
		{DCC7CCD1-797F-42A1-8176-6708693109B3}.Debug|Any CPU.ActiveCfg = Debug|Any CPU
		{DCC7CCD1-797F-42A1-8176-6708693109B3}.Debug|Any CPU.Build.0 = Debug|Any CPU
		{DCC7CCD1-797F-42A1-8176-6708693109B3}.Release|Any CPU.ActiveCfg = Release|Any CPU
		{DCC7CCD1-797F-42A1-8176-6708693109B3}.Release|Any CPU.Build.0 = Release|Any CPU
		{FBAA2997-3157-4A80-A570-A8EFF919C466}.Debug|Any CPU.ActiveCfg = Debug|Any CPU
		{FBAA2997-3157-4A80-A570-A8EFF919C466}.Debug|Any CPU.Build.0 = Debug|Any CPU
		{FBAA2997-3157-4A80-A570-A8EFF919C466}.Release|Any CPU.ActiveCfg = Release|Any CPU
		{FBAA2997-3157-4A80-A570-A8EFF919C466}.Release|Any CPU.Build.0 = Release|Any CPU
		{7424DF2E-EC68-4162-BFE6-80BDC9E7545A}.Debug|Any CPU.ActiveCfg = Debug|Any CPU
		{7424DF2E-EC68-4162-BFE6-80BDC9E7545A}.Debug|Any CPU.Build.0 = Debug|Any CPU
		{7424DF2E-EC68-4162-BFE6-80BDC9E7545A}.Release|Any CPU.ActiveCfg = Release|Any CPU
		{7424DF2E-EC68-4162-BFE6-80BDC9E7545A}.Release|Any CPU.Build.0 = Release|Any CPU
		{BE453A58-1109-4EC5-A386-B6DF76352017}.Debug|Any CPU.ActiveCfg = Debug|Any CPU
		{BE453A58-1109-4EC5-A386-B6DF76352017}.Debug|Any CPU.Build.0 = Debug|Any CPU
		{BE453A58-1109-4EC5-A386-B6DF76352017}.Release|Any CPU.ActiveCfg = Release|Any CPU
		{BE453A58-1109-4EC5-A386-B6DF76352017}.Release|Any CPU.Build.0 = Release|Any CPU
		{29ECA0BE-69E4-4CAA-906E-865F2569AB73}.Debug|Any CPU.ActiveCfg = Debug|Any CPU
		{29ECA0BE-69E4-4CAA-906E-865F2569AB73}.Debug|Any CPU.Build.0 = Debug|Any CPU
		{29ECA0BE-69E4-4CAA-906E-865F2569AB73}.Release|Any CPU.ActiveCfg = Release|Any CPU
		{29ECA0BE-69E4-4CAA-906E-865F2569AB73}.Release|Any CPU.Build.0 = Release|Any CPU
	EndGlobalSection
	GlobalSection(SolutionProperties) = preSolution
		HideSolutionNode = FALSE
	EndGlobalSection
	GlobalSection(NestedProjects) = preSolution
		{DFE8BE18-54C9-43C4-B66A-E95473DBB18C} = {88B309FB-966D-4A50-A97F-353A631C1AF0}
		{7DEB792B-D210-4B92-938D-2DD85B5EC942} = {88B309FB-966D-4A50-A97F-353A631C1AF0}
		{5BFF324A-7CD4-4EA6-A9FD-BAE6EABAB86A} = {88B309FB-966D-4A50-A97F-353A631C1AF0}
		{798B1DAD-046F-4855-B426-68C64CEC1E52} = {CBCF206C-345F-4796-8133-08AC39CF089A}
		{9D76D28A-6E37-416A-8FD0-D4E140AF3AC0} = {CBCF206C-345F-4796-8133-08AC39CF089A}
		{D36791A7-1400-4FFE-A0F6-E4EEF0D1C222} = {CBCF206C-345F-4796-8133-08AC39CF089A}
		{D733E8AD-6E05-4997-8AF1-41E435A72F70} = {9EB1618F-B35A-4E9A-B736-7BCB4422D24F}
		{DCC7CCD1-797F-42A1-8176-6708693109B3} = {9EB1618F-B35A-4E9A-B736-7BCB4422D24F}
		{FBAA2997-3157-4A80-A570-A8EFF919C466} = {9EB1618F-B35A-4E9A-B736-7BCB4422D24F}
		{7424DF2E-EC68-4162-BFE6-80BDC9E7545A} = {628FF586-C331-476C-A28E-50B7C799E6AA}
		{BE453A58-1109-4EC5-A386-B6DF76352017} = {628FF586-C331-476C-A28E-50B7C799E6AA}
		{29ECA0BE-69E4-4CAA-906E-865F2569AB73} = {628FF586-C331-476C-A28E-50B7C799E6AA}
	EndGlobalSection
	GlobalSection(ExtensibilityGlobals) = postSolution
		SolutionGuid = {5992DED8-6EE7-4C72-95CD-E30DEA73E292}
	EndGlobalSection
EndGlobal
